
Microsoft Visual Studio Solution File, Format Version 12.00
# Visual Studio Version 16
VisualStudioVersion = 16.0.31019.35
MinimumVisualStudioVersion = 10.0.40219.1
Project("{FAE04EC0-301F-11D3-BF4B-00C04F79EFBC}") = "consumidorImpar", "consumidorImpar\consumidorImpar.csproj", "{F3130CB5-7477-4EBF-A291-CFEA912D3A1E}"
EndProject
Global
	GlobalSection(SolutionConfigurationPlatforms) = preSolution
		Debug|Any CPU = Debug|Any CPU
		Release|Any CPU = Release|Any CPU
	EndGlobalSection
	GlobalSection(ProjectConfigurationPlatforms) = postSolution
		{F3130CB5-7477-4EBF-A291-CFEA912D3A1E}.Debug|Any CPU.ActiveCfg = Debug|Any CPU
		{F3130CB5-7477-4EBF-A291-CFEA912D3A1E}.Debug|Any CPU.Build.0 = Debug|Any CPU
		{F3130CB5-7477-4EBF-A291-CFEA912D3A1E}.Release|Any CPU.ActiveCfg = Release|Any CPU
		{F3130CB5-7477-4EBF-A291-CFEA912D3A1E}.Release|Any CPU.Build.0 = Release|Any CPU
	EndGlobalSection
	GlobalSection(SolutionProperties) = preSolution
		HideSolutionNode = FALSE
	EndGlobalSection
	GlobalSection(ExtensibilityGlobals) = postSolution
		SolutionGuid = {392BD19F-3E72-4ACC-A81A-0755DCB127FA}
	EndGlobalSection
EndGlobal
