
Microsoft Visual Studio Solution File, Format Version 12.00
# Visual Studio Version 16
VisualStudioVersion = 16.0.31019.35
MinimumVisualStudioVersion = 10.0.40219.1
Project("{FAE04EC0-301F-11D3-BF4B-00C04F79EFBC}") = "WebApplicationParcial1", "WebApplicationParcial1\WebApplicationParcial1.csproj", "{22972D78-1EB2-49D8-B97C-782808757F24}"
EndProject
Project("{FAE04EC0-301F-11D3-BF4B-00C04F79EFBC}") = "consumidorPar", "consumidorPar\consumidorPar.csproj", "{A68D9F69-610D-4276-9A52-C84BAE1F2913}"
EndProject
Global
	GlobalSection(SolutionConfigurationPlatforms) = preSolution
		Debug|Any CPU = Debug|Any CPU
		Release|Any CPU = Release|Any CPU
	EndGlobalSection
	GlobalSection(ProjectConfigurationPlatforms) = postSolution
		{22972D78-1EB2-49D8-B97C-782808757F24}.Debug|Any CPU.ActiveCfg = Debug|Any CPU
		{22972D78-1EB2-49D8-B97C-782808757F24}.Debug|Any CPU.Build.0 = Debug|Any CPU
		{22972D78-1EB2-49D8-B97C-782808757F24}.Release|Any CPU.ActiveCfg = Release|Any CPU
		{22972D78-1EB2-49D8-B97C-782808757F24}.Release|Any CPU.Build.0 = Release|Any CPU
		{A68D9F69-610D-4276-9A52-C84BAE1F2913}.Debug|Any CPU.ActiveCfg = Debug|Any CPU
		{A68D9F69-610D-4276-9A52-C84BAE1F2913}.Debug|Any CPU.Build.0 = Debug|Any CPU
		{A68D9F69-610D-4276-9A52-C84BAE1F2913}.Release|Any CPU.ActiveCfg = Release|Any CPU
		{A68D9F69-610D-4276-9A52-C84BAE1F2913}.Release|Any CPU.Build.0 = Release|Any CPU
	EndGlobalSection
	GlobalSection(SolutionProperties) = preSolution
		HideSolutionNode = FALSE
	EndGlobalSection
	GlobalSection(ExtensibilityGlobals) = postSolution
		SolutionGuid = {12DDF579-B2A9-4AA1-8543-6581DCB685EA}
	EndGlobalSection
EndGlobal
